// !$*UTF8*$!
{
	archiveVersion = 1;
	classes = {
	};
	objectVersion = 51;
	objects = {

/* Begin PBXBuildFile section */
		0BE1F878D911E41621DD8CAD /* Pods_FirebaseChat.framework in Frameworks */ = {isa = PBXBuildFile; fileRef = 41AC2C076DC89BE27CAE188F /* Pods_FirebaseChat.framework */; };
		A514865B23462E4D009E08A1 /* LoginViewController.swift in Sources */ = {isa = PBXBuildFile; fileRef = A514865A23462E4D009E08A1 /* LoginViewController.swift */; };
		A514865D23462E64009E08A1 /* RegisterViewController.swift in Sources */ = {isa = PBXBuildFile; fileRef = A514865C23462E64009E08A1 /* RegisterViewController.swift */; };
		A5148662234632AE009E08A1 /* HomeViewController.swift in Sources */ = {isa = PBXBuildFile; fileRef = A5148661234632AE009E08A1 /* HomeViewController.swift */; };
		A5148664234634C9009E08A1 /* Utilities.swift in Sources */ = {isa = PBXBuildFile; fileRef = A5148663234634C9009E08A1 /* Utilities.swift */; };
		A514866623463EB2009E08A1 /* UIVIewExtension.swift in Sources */ = {isa = PBXBuildFile; fileRef = A514866523463EB2009E08A1 /* UIVIewExtension.swift */; };
		A516E0B2234B4F0200555A53 /* MessagesTableViewController.swift in Sources */ = {isa = PBXBuildFile; fileRef = A516E0B1234B4F0200555A53 /* MessagesTableViewController.swift */; };
		A519DCFB2343DD25001E5A0B /* GoogleService-Info.plist in Resources */ = {isa = PBXBuildFile; fileRef = A519DCFA2343DD25001E5A0B /* GoogleService-Info.plist */; };
		A55DC32623436B7C00ECE76C /* AppDelegate.swift in Sources */ = {isa = PBXBuildFile; fileRef = A55DC32523436B7C00ECE76C /* AppDelegate.swift */; };
		A55DC32823436B7C00ECE76C /* SceneDelegate.swift in Sources */ = {isa = PBXBuildFile; fileRef = A55DC32723436B7C00ECE76C /* SceneDelegate.swift */; };
		A55DC32D23436B7C00ECE76C /* Main.storyboard in Resources */ = {isa = PBXBuildFile; fileRef = A55DC32B23436B7C00ECE76C /* Main.storyboard */; };
		A55DC32F23436B7F00ECE76C /* Assets.xcassets in Resources */ = {isa = PBXBuildFile; fileRef = A55DC32E23436B7F00ECE76C /* Assets.xcassets */; };
		A55DC33223436B7F00ECE76C /* LaunchScreen.storyboard in Resources */ = {isa = PBXBuildFile; fileRef = A55DC33023436B7F00ECE76C /* LaunchScreen.storyboard */; };
		A56451C8235CA9CE0099DE59 /* Message.swift in Sources */ = {isa = PBXBuildFile; fileRef = A56451C7235CA9CD0099DE59 /* Message.swift */; };
		A5682B622369E6D900A956B6 /* ChatCollectionViewCell.swift in Sources */ = {isa = PBXBuildFile; fileRef = A5682B612369E6D900A956B6 /* ChatCollectionViewCell.swift */; };
		A57114642353572C0012ACA9 /* UIImageViewExtension.swift in Sources */ = {isa = PBXBuildFile; fileRef = A57114632353572C0012ACA9 /* UIImageViewExtension.swift */; };
		A572E7BB2356043000D7650C /* ChatViewController.swift in Sources */ = {isa = PBXBuildFile; fileRef = A572E7BA2356043000D7650C /* ChatViewController.swift */; };
		A5ACC3DE234DDF5C00C4B420 /* NewMessageTableViewController.swift in Sources */ = {isa = PBXBuildFile; fileRef = A5ACC3DD234DDF5C00C4B420 /* NewMessageTableViewController.swift */; };
		A5ACC3E0234DE40500C4B420 /* User.swift in Sources */ = {isa = PBXBuildFile; fileRef = A5ACC3DF234DE40500C4B420 /* User.swift */; };
		A5ACC3E2234DE49700C4B420 /* UserTableViewCell.swift in Sources */ = {isa = PBXBuildFile; fileRef = A5ACC3E1234DE49700C4B420 /* UserTableViewCell.swift */; };
		A5C800B52379E5E0004C18E3 /* UIColorExtension.swift in Sources */ = {isa = PBXBuildFile; fileRef = A5C800B42379E5E0004C18E3 /* UIColorExtension.swift */; };
/* End PBXBuildFile section */

/* Begin PBXFileReference section */
		3D44D0F0571BCBFA9538CBE4 /* Pods-FirebaseChat.release.xcconfig */ = {isa = PBXFileReference; includeInIndex = 1; lastKnownFileType = text.xcconfig; name = "Pods-FirebaseChat.release.xcconfig"; path = "Target Support Files/Pods-FirebaseChat/Pods-FirebaseChat.release.xcconfig"; sourceTree = "<group>"; };
		41AC2C076DC89BE27CAE188F /* Pods_FirebaseChat.framework */ = {isa = PBXFileReference; explicitFileType = wrapper.framework; includeInIndex = 0; path = Pods_FirebaseChat.framework; sourceTree = BUILT_PRODUCTS_DIR; };
		A514865A23462E4D009E08A1 /* LoginViewController.swift */ = {isa = PBXFileReference; lastKnownFileType = sourcecode.swift; path = LoginViewController.swift; sourceTree = "<group>"; };
		A514865C23462E64009E08A1 /* RegisterViewController.swift */ = {isa = PBXFileReference; lastKnownFileType = sourcecode.swift; path = RegisterViewController.swift; sourceTree = "<group>"; };
		A5148661234632AE009E08A1 /* HomeViewController.swift */ = {isa = PBXFileReference; lastKnownFileType = sourcecode.swift; path = HomeViewController.swift; sourceTree = "<group>"; };
		A5148663234634C9009E08A1 /* Utilities.swift */ = {isa = PBXFileReference; lastKnownFileType = sourcecode.swift; path = Utilities.swift; sourceTree = "<group>"; };
		A514866523463EB2009E08A1 /* UIVIewExtension.swift */ = {isa = PBXFileReference; lastKnownFileType = sourcecode.swift; path = UIVIewExtension.swift; sourceTree = "<group>"; };
		A516E0B1234B4F0200555A53 /* MessagesTableViewController.swift */ = {isa = PBXFileReference; lastKnownFileType = sourcecode.swift; path = MessagesTableViewController.swift; sourceTree = "<group>"; };
		A519DCFA2343DD25001E5A0B /* GoogleService-Info.plist */ = {isa = PBXFileReference; fileEncoding = 4; lastKnownFileType = text.plist.xml; path = "GoogleService-Info.plist"; sourceTree = "<group>"; };
		A55DC32223436B7C00ECE76C /* FirebaseChat.app */ = {isa = PBXFileReference; explicitFileType = wrapper.application; includeInIndex = 0; path = FirebaseChat.app; sourceTree = BUILT_PRODUCTS_DIR; };
		A55DC32523436B7C00ECE76C /* AppDelegate.swift */ = {isa = PBXFileReference; lastKnownFileType = sourcecode.swift; path = AppDelegate.swift; sourceTree = "<group>"; };
		A55DC32723436B7C00ECE76C /* SceneDelegate.swift */ = {isa = PBXFileReference; lastKnownFileType = sourcecode.swift; path = SceneDelegate.swift; sourceTree = "<group>"; };
		A55DC32C23436B7C00ECE76C /* Base */ = {isa = PBXFileReference; lastKnownFileType = file.storyboard; name = Base; path = Base.lproj/Main.storyboard; sourceTree = "<group>"; };
		A55DC32E23436B7F00ECE76C /* Assets.xcassets */ = {isa = PBXFileReference; lastKnownFileType = folder.assetcatalog; path = Assets.xcassets; sourceTree = "<group>"; };
		A55DC33123436B7F00ECE76C /* Base */ = {isa = PBXFileReference; lastKnownFileType = file.storyboard; name = Base; path = Base.lproj/LaunchScreen.storyboard; sourceTree = "<group>"; };
		A55DC33323436B7F00ECE76C /* Info.plist */ = {isa = PBXFileReference; lastKnownFileType = text.plist.xml; path = Info.plist; sourceTree = "<group>"; };
		A56451C7235CA9CD0099DE59 /* Message.swift */ = {isa = PBXFileReference; lastKnownFileType = sourcecode.swift; path = Message.swift; sourceTree = "<group>"; };
		A5682B612369E6D900A956B6 /* ChatCollectionViewCell.swift */ = {isa = PBXFileReference; lastKnownFileType = sourcecode.swift; path = ChatCollectionViewCell.swift; sourceTree = "<group>"; };
		A57114632353572C0012ACA9 /* UIImageViewExtension.swift */ = {isa = PBXFileReference; lastKnownFileType = sourcecode.swift; path = UIImageViewExtension.swift; sourceTree = "<group>"; };
		A572E7BA2356043000D7650C /* ChatViewController.swift */ = {isa = PBXFileReference; lastKnownFileType = sourcecode.swift; path = ChatViewController.swift; sourceTree = "<group>"; };
		A5ACC3DD234DDF5C00C4B420 /* NewMessageTableViewController.swift */ = {isa = PBXFileReference; lastKnownFileType = sourcecode.swift; path = NewMessageTableViewController.swift; sourceTree = "<group>"; };
		A5ACC3DF234DE40500C4B420 /* User.swift */ = {isa = PBXFileReference; lastKnownFileType = sourcecode.swift; path = User.swift; sourceTree = "<group>"; };
		A5ACC3E1234DE49700C4B420 /* UserTableViewCell.swift */ = {isa = PBXFileReference; lastKnownFileType = sourcecode.swift; path = UserTableViewCell.swift; sourceTree = "<group>"; };
		A5C800B42379E5E0004C18E3 /* UIColorExtension.swift */ = {isa = PBXFileReference; lastKnownFileType = sourcecode.swift; path = UIColorExtension.swift; sourceTree = "<group>"; };
		FE06B508E97F728931450D36 /* Pods-FirebaseChat.debug.xcconfig */ = {isa = PBXFileReference; includeInIndex = 1; lastKnownFileType = text.xcconfig; name = "Pods-FirebaseChat.debug.xcconfig"; path = "Target Support Files/Pods-FirebaseChat/Pods-FirebaseChat.debug.xcconfig"; sourceTree = "<group>"; };
/* End PBXFileReference section */

/* Begin PBXFrameworksBuildPhase section */
		A55DC31F23436B7C00ECE76C /* Frameworks */ = {
			isa = PBXFrameworksBuildPhase;
			buildActionMask = 2147483647;
			files = (
				0BE1F878D911E41621DD8CAD /* Pods_FirebaseChat.framework in Frameworks */,
			);
			runOnlyForDeploymentPostprocessing = 0;
		};
/* End PBXFrameworksBuildPhase section */

/* Begin PBXGroup section */
		2FD546F6602B0BE663BBF10C /* Pods */ = {
			isa = PBXGroup;
			children = (
				FE06B508E97F728931450D36 /* Pods-FirebaseChat.debug.xcconfig */,
				3D44D0F0571BCBFA9538CBE4 /* Pods-FirebaseChat.release.xcconfig */,
			);
			path = Pods;
			sourceTree = "<group>";
		};
		38E59143088A5F949E88938A /* Frameworks */ = {
			isa = PBXGroup;
			children = (
				41AC2C076DC89BE27CAE188F /* Pods_FirebaseChat.framework */,
			);
			name = Frameworks;
			sourceTree = "<group>";
		};
		A5148657234627CC009E08A1 /* Controllers */ = {
			isa = PBXGroup;
			children = (
				A5148661234632AE009E08A1 /* HomeViewController.swift */,
				A514865C23462E64009E08A1 /* RegisterViewController.swift */,
				A514865A23462E4D009E08A1 /* LoginViewController.swift */,
				A516E0B1234B4F0200555A53 /* MessagesTableViewController.swift */,
				A5ACC3DD234DDF5C00C4B420 /* NewMessageTableViewController.swift */,
				A572E7BA2356043000D7650C /* ChatViewController.swift */,
			);
			path = Controllers;
			sourceTree = "<group>";
		};
		A5148658234627DC009E08A1 /* View */ = {
			isa = PBXGroup;
			children = (
				A5ACC3E1234DE49700C4B420 /* UserTableViewCell.swift */,
				A5682B612369E6D900A956B6 /* ChatCollectionViewCell.swift */,
			);
			path = View;
			sourceTree = "<group>";
		};
		A5148659234627E7009E08A1 /* Model */ = {
			isa = PBXGroup;
			children = (
				A5ACC3DF234DE40500C4B420 /* User.swift */,
				A56451C7235CA9CD0099DE59 /* Message.swift */,
			);
			path = Model;
			sourceTree = "<group>";
		};
		A514866023463254009E08A1 /* Helpers */ = {
			isa = PBXGroup;
			children = (
				A5148663234634C9009E08A1 /* Utilities.swift */,
				A514866523463EB2009E08A1 /* UIVIewExtension.swift */,
				A57114632353572C0012ACA9 /* UIImageViewExtension.swift */,
				A5C800B42379E5E0004C18E3 /* UIColorExtension.swift */,
			);
			path = Helpers;
			sourceTree = "<group>";
		};
		A55DC31923436B7C00ECE76C = {
			isa = PBXGroup;
			children = (
				A55DC32423436B7C00ECE76C /* FirebaseChat */,
				A55DC32323436B7C00ECE76C /* Products */,
				2FD546F6602B0BE663BBF10C /* Pods */,
				38E59143088A5F949E88938A /* Frameworks */,
			);
			sourceTree = "<group>";
		};
		A55DC32323436B7C00ECE76C /* Products */ = {
			isa = PBXGroup;
			children = (
				A55DC32223436B7C00ECE76C /* FirebaseChat.app */,
			);
			name = Products;
			sourceTree = "<group>";
		};
		A55DC32423436B7C00ECE76C /* FirebaseChat */ = {
			isa = PBXGroup;
			children = (
				A55DC32523436B7C00ECE76C /* AppDelegate.swift */,
				A55DC32723436B7C00ECE76C /* SceneDelegate.swift */,
				A514866023463254009E08A1 /* Helpers */,
				A5148659234627E7009E08A1 /* Model */,
				A5148658234627DC009E08A1 /* View */,
				A5148657234627CC009E08A1 /* Controllers */,
				A55DC32B23436B7C00ECE76C /* Main.storyboard */,
				A55DC32E23436B7F00ECE76C /* Assets.xcassets */,
				A55DC33023436B7F00ECE76C /* LaunchScreen.storyboard */,
				A519DCFA2343DD25001E5A0B /* GoogleService-Info.plist */,
				A55DC33323436B7F00ECE76C /* Info.plist */,
			);
			path = FirebaseChat;
			sourceTree = "<group>";
		};
/* End PBXGroup section */

/* Begin PBXNativeTarget section */
		A55DC32123436B7C00ECE76C /* FirebaseChat */ = {
			isa = PBXNativeTarget;
			buildConfigurationList = A55DC33623436B7F00ECE76C /* Build configuration list for PBXNativeTarget "FirebaseChat" */;
			buildPhases = (
				858884F1D3FF738B6ECE23B3 /* [CP] Check Pods Manifest.lock */,
				A55DC31E23436B7C00ECE76C /* Sources */,
				A55DC31F23436B7C00ECE76C /* Frameworks */,
				A55DC32023436B7C00ECE76C /* Resources */,
				6119BAF6A0D116BAACD38549 /* [CP] Embed Pods Frameworks */,
			);
			buildRules = (
			);
			dependencies = (
			);
			name = FirebaseChat;
			productName = FirebaseChat;
			productReference = A55DC32223436B7C00ECE76C /* FirebaseChat.app */;
			productType = "com.apple.product-type.application";
		};
/* End PBXNativeTarget section */

/* Begin PBXProject section */
		A55DC31A23436B7C00ECE76C /* Project object */ = {
			isa = PBXProject;
			attributes = {
				LastSwiftUpdateCheck = 1100;
				LastUpgradeCheck = 1100;
				ORGANIZATIONNAME = SergBondCompany;
				TargetAttributes = {
					A55DC32123436B7C00ECE76C = {
						CreatedOnToolsVersion = 11.0;
					};
				};
			};
			buildConfigurationList = A55DC31D23436B7C00ECE76C /* Build configuration list for PBXProject "FirebaseChat" */;
			compatibilityVersion = "Xcode 9.3";
			developmentRegion = en;
			hasScannedForEncodings = 0;
			knownRegions = (
				en,
				Base,
			);
			mainGroup = A55DC31923436B7C00ECE76C;
			productRefGroup = A55DC32323436B7C00ECE76C /* Products */;
			projectDirPath = "";
			projectRoot = "";
			targets = (
				A55DC32123436B7C00ECE76C /* FirebaseChat */,
			);
		};
/* End PBXProject section */

/* Begin PBXResourcesBuildPhase section */
		A55DC32023436B7C00ECE76C /* Resources */ = {
			isa = PBXResourcesBuildPhase;
			buildActionMask = 2147483647;
			files = (
				A55DC33223436B7F00ECE76C /* LaunchScreen.storyboard in Resources */,
				A519DCFB2343DD25001E5A0B /* GoogleService-Info.plist in Resources */,
				A55DC32F23436B7F00ECE76C /* Assets.xcassets in Resources */,
				A55DC32D23436B7C00ECE76C /* Main.storyboard in Resources */,
			);
			runOnlyForDeploymentPostprocessing = 0;
		};
/* End PBXResourcesBuildPhase section */

/* Begin PBXShellScriptBuildPhase section */
		6119BAF6A0D116BAACD38549 /* [CP] Embed Pods Frameworks */ = {
			isa = PBXShellScriptBuildPhase;
			buildActionMask = 2147483647;
			files = (
			);
			inputFileListPaths = (
				"${PODS_ROOT}/Target Support Files/Pods-FirebaseChat/Pods-FirebaseChat-frameworks-${CONFIGURATION}-input-files.xcfilelist",
			);
			name = "[CP] Embed Pods Frameworks";
			outputFileListPaths = (
				"${PODS_ROOT}/Target Support Files/Pods-FirebaseChat/Pods-FirebaseChat-frameworks-${CONFIGURATION}-output-files.xcfilelist",
			);
			runOnlyForDeploymentPostprocessing = 0;
			shellPath = /bin/sh;
			shellScript = "\"${PODS_ROOT}/Target Support Files/Pods-FirebaseChat/Pods-FirebaseChat-frameworks.sh\"\n";
			showEnvVarsInLog = 0;
		};
		858884F1D3FF738B6ECE23B3 /* [CP] Check Pods Manifest.lock */ = {
			isa = PBXShellScriptBuildPhase;
			buildActionMask = 2147483647;
			files = (
			);
			inputFileListPaths = (
			);
			inputPaths = (
				"${PODS_PODFILE_DIR_PATH}/Podfile.lock",
				"${PODS_ROOT}/Manifest.lock",
			);
			name = "[CP] Check Pods Manifest.lock";
			outputFileListPaths = (
			);
			outputPaths = (
				"$(DERIVED_FILE_DIR)/Pods-FirebaseChat-checkManifestLockResult.txt",
			);
			runOnlyForDeploymentPostprocessing = 0;
			shellPath = /bin/sh;
			shellScript = "diff \"${PODS_PODFILE_DIR_PATH}/Podfile.lock\" \"${PODS_ROOT}/Manifest.lock\" > /dev/null\nif [ $? != 0 ] ; then\n    # print error to STDERR\n    echo \"error: The sandbox is not in sync with the Podfile.lock. Run 'pod install' or update your CocoaPods installation.\" >&2\n    exit 1\nfi\n# This output is used by Xcode 'outputs' to avoid re-running this script phase.\necho \"SUCCESS\" > \"${SCRIPT_OUTPUT_FILE_0}\"\n";
			showEnvVarsInLog = 0;
		};
/* End PBXShellScriptBuildPhase section */

/* Begin PBXSourcesBuildPhase section */
		A55DC31E23436B7C00ECE76C /* Sources */ = {
			isa = PBXSourcesBuildPhase;
			buildActionMask = 2147483647;
			files = (
				A516E0B2234B4F0200555A53 /* MessagesTableViewController.swift in Sources */,
				A5ACC3DE234DDF5C00C4B420 /* NewMessageTableViewController.swift in Sources */,
				A57114642353572C0012ACA9 /* UIImageViewExtension.swift in Sources */,
				A5ACC3E2234DE49700C4B420 /* UserTableViewCell.swift in Sources */,
				A514865B23462E4D009E08A1 /* LoginViewController.swift in Sources */,
				A5148664234634C9009E08A1 /* Utilities.swift in Sources */,
				A514865D23462E64009E08A1 /* RegisterViewController.swift in Sources */,
				A55DC32623436B7C00ECE76C /* AppDelegate.swift in Sources */,
				A55DC32823436B7C00ECE76C /* SceneDelegate.swift in Sources */,
				A572E7BB2356043000D7650C /* ChatViewController.swift in Sources */,
				A514866623463EB2009E08A1 /* UIVIewExtension.swift in Sources */,
				A5C800B52379E5E0004C18E3 /* UIColorExtension.swift in Sources */,
				A5ACC3E0234DE40500C4B420 /* User.swift in Sources */,
				A5148662234632AE009E08A1 /* HomeViewController.swift in Sources */,
				A5682B622369E6D900A956B6 /* ChatCollectionViewCell.swift in Sources */,
				A56451C8235CA9CE0099DE59 /* Message.swift in Sources */,
			);
			runOnlyForDeploymentPostprocessing = 0;
		};
/* End PBXSourcesBuildPhase section */

/* Begin PBXVariantGroup section */
		A55DC32B23436B7C00ECE76C /* Main.storyboard */ = {
			isa = PBXVariantGroup;
			children = (
				A55DC32C23436B7C00ECE76C /* Base */,
			);
			name = Main.storyboard;
			sourceTree = "<group>";
		};
		A55DC33023436B7F00ECE76C /* LaunchScreen.storyboard */ = {
			isa = PBXVariantGroup;
			children = (
				A55DC33123436B7F00ECE76C /* Base */,
			);
			name = LaunchScreen.storyboard;
			sourceTree = "<group>";
		};
/* End PBXVariantGroup section */

/* Begin XCBuildConfiguration section */
		A55DC33423436B7F00ECE76C /* Debug */ = {
			isa = XCBuildConfiguration;
			buildSettings = {
				ALWAYS_SEARCH_USER_PATHS = NO;
				CLANG_ANALYZER_NONNULL = YES;
				CLANG_ANALYZER_NUMBER_OBJECT_CONVERSION = YES_AGGRESSIVE;
				CLANG_CXX_LANGUAGE_STANDARD = "gnu++14";
				CLANG_CXX_LIBRARY = "libc++";
				CLANG_ENABLE_MODULES = YES;
				CLANG_ENABLE_OBJC_ARC = YES;
				CLANG_ENABLE_OBJC_WEAK = YES;
				CLANG_WARN_BLOCK_CAPTURE_AUTORELEASING = YES;
				CLANG_WARN_BOOL_CONVERSION = YES;
				CLANG_WARN_COMMA = YES;
				CLANG_WARN_CONSTANT_CONVERSION = YES;
				CLANG_WARN_DEPRECATED_OBJC_IMPLEMENTATIONS = YES;
				CLANG_WARN_DIRECT_OBJC_ISA_USAGE = YES_ERROR;
				CLANG_WARN_DOCUMENTATION_COMMENTS = YES;
				CLANG_WARN_EMPTY_BODY = YES;
				CLANG_WARN_ENUM_CONVERSION = YES;
				CLANG_WARN_INFINITE_RECURSION = YES;
				CLANG_WARN_INT_CONVERSION = YES;
				CLANG_WARN_NON_LITERAL_NULL_CONVERSION = YES;
				CLANG_WARN_OBJC_IMPLICIT_RETAIN_SELF = YES;
				CLANG_WARN_OBJC_LITERAL_CONVERSION = YES;
				CLANG_WARN_OBJC_ROOT_CLASS = YES_ERROR;
				CLANG_WARN_RANGE_LOOP_ANALYSIS = YES;
				CLANG_WARN_STRICT_PROTOTYPES = YES;
				CLANG_WARN_SUSPICIOUS_MOVE = YES;
				CLANG_WARN_UNGUARDED_AVAILABILITY = YES_AGGRESSIVE;
				CLANG_WARN_UNREACHABLE_CODE = YES;
				CLANG_WARN__DUPLICATE_METHOD_MATCH = YES;
				COPY_PHASE_STRIP = NO;
				DEBUG_INFORMATION_FORMAT = dwarf;
				ENABLE_STRICT_OBJC_MSGSEND = YES;
				ENABLE_TESTABILITY = YES;
				GCC_C_LANGUAGE_STANDARD = gnu11;
				GCC_DYNAMIC_NO_PIC = NO;
				GCC_NO_COMMON_BLOCKS = YES;
				GCC_OPTIMIZATION_LEVEL = 0;
				GCC_PREPROCESSOR_DEFINITIONS = (
					"DEBUG=1",
					"$(inherited)",
				);
				GCC_WARN_64_TO_32_BIT_CONVERSION = YES;
				GCC_WARN_ABOUT_RETURN_TYPE = YES_ERROR;
				GCC_WARN_UNDECLARED_SELECTOR = YES;
				GCC_WARN_UNINITIALIZED_AUTOS = YES_AGGRESSIVE;
				GCC_WARN_UNUSED_FUNCTION = YES;
				GCC_WARN_UNUSED_VARIABLE = YES;
				IPHONEOS_DEPLOYMENT_TARGET = 13.0;
				MTL_ENABLE_DEBUG_INFO = INCLUDE_SOURCE;
				MTL_FAST_MATH = YES;
				ONLY_ACTIVE_ARCH = YES;
				SDKROOT = iphoneos;
				SWIFT_ACTIVE_COMPILATION_CONDITIONS = DEBUG;
				SWIFT_OPTIMIZATION_LEVEL = "-Onone";
			};
			name = Debug;
		};
		A55DC33523436B7F00ECE76C /* Release */ = {
			isa = XCBuildConfiguration;
			buildSettings = {
				ALWAYS_SEARCH_USER_PATHS = NO;
				CLANG_ANALYZER_NONNULL = YES;
				CLANG_ANALYZER_NUMBER_OBJECT_CONVERSION = YES_AGGRESSIVE;
				CLANG_CXX_LANGUAGE_STANDARD = "gnu++14";
				CLANG_CXX_LIBRARY = "libc++";
				CLANG_ENABLE_MODULES = YES;
				CLANG_ENABLE_OBJC_ARC = YES;
				CLANG_ENABLE_OBJC_WEAK = YES;
				CLANG_WARN_BLOCK_CAPTURE_AUTORELEASING = YES;
				CLANG_WARN_BOOL_CONVERSION = YES;
				CLANG_WARN_COMMA = YES;
				CLANG_WARN_CONSTANT_CONVERSION = YES;
				CLANG_WARN_DEPRECATED_OBJC_IMPLEMENTATIONS = YES;
				CLANG_WARN_DIRECT_OBJC_ISA_USAGE = YES_ERROR;
				CLANG_WARN_DOCUMENTATION_COMMENTS = YES;
				CLANG_WARN_EMPTY_BODY = YES;
				CLANG_WARN_ENUM_CONVERSION = YES;
				CLANG_WARN_INFINITE_RECURSION = YES;
				CLANG_WARN_INT_CONVERSION = YES;
				CLANG_WARN_NON_LITERAL_NULL_CONVERSION = YES;
				CLANG_WARN_OBJC_IMPLICIT_RETAIN_SELF = YES;
				CLANG_WARN_OBJC_LITERAL_CONVERSION = YES;
				CLANG_WARN_OBJC_ROOT_CLASS = YES_ERROR;
				CLANG_WARN_RANGE_LOOP_ANALYSIS = YES;
				CLANG_WARN_STRICT_PROTOTYPES = YES;
				CLANG_WARN_SUSPICIOUS_MOVE = YES;
				CLANG_WARN_UNGUARDED_AVAILABILITY = YES_AGGRESSIVE;
				CLANG_WARN_UNREACHABLE_CODE = YES;
				CLANG_WARN__DUPLICATE_METHOD_MATCH = YES;
				COPY_PHASE_STRIP = NO;
				DEBUG_INFORMATION_FORMAT = "dwarf-with-dsym";
				ENABLE_NS_ASSERTIONS = NO;
				ENABLE_STRICT_OBJC_MSGSEND = YES;
				GCC_C_LANGUAGE_STANDARD = gnu11;
				GCC_NO_COMMON_BLOCKS = YES;
				GCC_WARN_64_TO_32_BIT_CONVERSION = YES;
				GCC_WARN_ABOUT_RETURN_TYPE = YES_ERROR;
				GCC_WARN_UNDECLARED_SELECTOR = YES;
				GCC_WARN_UNINITIALIZED_AUTOS = YES_AGGRESSIVE;
				GCC_WARN_UNUSED_FUNCTION = YES;
				GCC_WARN_UNUSED_VARIABLE = YES;
				IPHONEOS_DEPLOYMENT_TARGET = 13.0;
				MTL_ENABLE_DEBUG_INFO = NO;
				MTL_FAST_MATH = YES;
				SDKROOT = iphoneos;
				SWIFT_COMPILATION_MODE = wholemodule;
				SWIFT_OPTIMIZATION_LEVEL = "-O";
				VALIDATE_PRODUCT = YES;
			};
			name = Release;
		};
		A55DC33723436B7F00ECE76C /* Debug */ = {
			isa = XCBuildConfiguration;
			baseConfigurationReference = FE06B508E97F728931450D36 /* Pods-FirebaseChat.debug.xcconfig */;
			buildSettings = {
				ASSETCATALOG_COMPILER_APPICON_NAME = AppIcon;
				CODE_SIGN_STYLE = Automatic;
				INFOPLIST_FILE = FirebaseChat/Info.plist;
				LD_RUNPATH_SEARCH_PATHS = (
					"$(inherited)",
					"@executable_path/Frameworks",
				);
				PRODUCT_BUNDLE_IDENTIFIER = com.sergbond.FirebaseChat;
				PRODUCT_NAME = "$(TARGET_NAME)";
				SWIFT_VERSION = 5.0;
				TARGETED_DEVICE_FAMILY = "1,2";
			};
			name = Debug;
		};
		A55DC33823436B7F00ECE76C /* Release */ = {
			isa = XCBuildConfiguration;
			baseConfigurationReference = 3D44D0F0571BCBFA9538CBE4 /* Pods-FirebaseChat.release.xcconfig */;
			buildSettings = {
				ASSETCATALOG_COMPILER_APPICON_NAME = AppIcon;
				CODE_SIGN_STYLE = Automatic;
				INFOPLIST_FILE = FirebaseChat/Info.plist;
				LD_RUNPATH_SEARCH_PATHS = (
					"$(inherited)",
					"@executable_path/Frameworks",
				);
				PRODUCT_BUNDLE_IDENTIFIER = com.sergbond.FirebaseChat;
				PRODUCT_NAME = "$(TARGET_NAME)";
				SWIFT_VERSION = 5.0;
				TARGETED_DEVICE_FAMILY = "1,2";
			};
			name = Release;
		};
/* End XCBuildConfiguration section */

/* Begin XCConfigurationList section */
		A55DC31D23436B7C00ECE76C /* Build configuration list for PBXProject "FirebaseChat" */ = {
			isa = XCConfigurationList;
			buildConfigurations = (
				A55DC33423436B7F00ECE76C /* Debug */,
				A55DC33523436B7F00ECE76C /* Release */,
			);
			defaultConfigurationIsVisible = 0;
			defaultConfigurationName = Release;
		};
		A55DC33623436B7F00ECE76C /* Build configuration list for PBXNativeTarget "FirebaseChat" */ = {
			isa = XCConfigurationList;
			buildConfigurations = (
				A55DC33723436B7F00ECE76C /* Debug */,
				A55DC33823436B7F00ECE76C /* Release */,
			);
			defaultConfigurationIsVisible = 0;
			defaultConfigurationName = Release;
		};
/* End XCConfigurationList section */
	};
	rootObject = A55DC31A23436B7C00ECE76C /* Project object */;
}
